
Microsoft Visual Studio Solution File, Format Version 12.00
# Visual Studio Version 17
VisualStudioVersion = 17.8.34330.188
MinimumVisualStudioVersion = 10.0.40219.1
Project("{FAE04EC0-301F-11D3-BF4B-00C04F79EFBC}") = "HelloWPFApp", "HelloWPFApp\HelloWPFApp.csproj", "{045423AB-4585-45AE-8F5E-384501533894}"
EndProject
Global
	GlobalSection(SolutionConfigurationPlatforms) = preSolution
		Debug|Any CPU = Debug|Any CPU
		Release|Any CPU = Release|Any CPU
	EndGlobalSection
	GlobalSection(ProjectConfigurationPlatforms) = postSolution
		{045423AB-4585-45AE-8F5E-384501533894}.Debug|Any CPU.ActiveCfg = Debug|Any CPU
		{045423AB-4585-45AE-8F5E-384501533894}.Debug|Any CPU.Build.0 = Debug|Any CPU
		{045423AB-4585-45AE-8F5E-384501533894}.Release|Any CPU.ActiveCfg = Release|Any CPU
		{045423AB-4585-45AE-8F5E-384501533894}.Release|Any CPU.Build.0 = Release|Any CPU
	EndGlobalSection
	GlobalSection(SolutionProperties) = preSolution
		HideSolutionNode = FALSE
	EndGlobalSection
	GlobalSection(ExtensibilityGlobals) = postSolution
		SolutionGuid = {70A32E84-140D-47DC-AF73-6D47A66196EA}
	EndGlobalSection
EndGlobal
